
Microsoft Visual Studio Solution File, Format Version 12.00
# Visual Studio 15
VisualStudioVersion = 15.0.28307.960
MinimumVisualStudioVersion = 10.0.40219.1
Project("{FAE04EC0-301F-11D3-BF4B-00C04F79EFBC}") = "Q1B", "Q1B\Q1B.csproj", "{4203BD70-7EF8-45F2-B6B2-888B46573DB0}"
EndProject
Global
	GlobalSection(SolutionConfigurationPlatforms) = preSolution
		Debug|Any CPU = Debug|Any CPU
		Release|Any CPU = Release|Any CPU
	EndGlobalSection
	GlobalSection(ProjectConfigurationPlatforms) = postSolution
		{4203BD70-7EF8-45F2-B6B2-888B46573DB0}.Debug|Any CPU.ActiveCfg = Debug|Any CPU
		{4203BD70-7EF8-45F2-B6B2-888B46573DB0}.Debug|Any CPU.Build.0 = Debug|Any CPU
		{4203BD70-7EF8-45F2-B6B2-888B46573DB0}.Release|Any CPU.ActiveCfg = Release|Any CPU
		{4203BD70-7EF8-45F2-B6B2-888B46573DB0}.Release|Any CPU.Build.0 = Release|Any CPU
	EndGlobalSection
	GlobalSection(SolutionProperties) = preSolution
		HideSolutionNode = FALSE
	EndGlobalSection
	GlobalSection(ExtensibilityGlobals) = postSolution
		SolutionGuid = {2465D753-C12C-4558-977B-BA748DE17EF6}
	EndGlobalSection
EndGlobal
