
Microsoft Visual Studio Solution File, Format Version 12.00
# Visual Studio 15
VisualStudioVersion = 15.0.28307.960
MinimumVisualStudioVersion = 10.0.40219.1
Project("{FAE04EC0-301F-11D3-BF4B-00C04F79EFBC}") = "Extensions", "Extensions\Extensions.csproj", "{147EEA36-E16A-4D17-B0BE-197AD4AE6119}"
EndProject
Global
	GlobalSection(SolutionConfigurationPlatforms) = preSolution
		Debug|Any CPU = Debug|Any CPU
		Release|Any CPU = Release|Any CPU
	EndGlobalSection
	GlobalSection(ProjectConfigurationPlatforms) = postSolution
		{147EEA36-E16A-4D17-B0BE-197AD4AE6119}.Debug|Any CPU.ActiveCfg = Debug|Any CPU
		{147EEA36-E16A-4D17-B0BE-197AD4AE6119}.Debug|Any CPU.Build.0 = Debug|Any CPU
		{147EEA36-E16A-4D17-B0BE-197AD4AE6119}.Release|Any CPU.ActiveCfg = Release|Any CPU
		{147EEA36-E16A-4D17-B0BE-197AD4AE6119}.Release|Any CPU.Build.0 = Release|Any CPU
	EndGlobalSection
	GlobalSection(SolutionProperties) = preSolution
		HideSolutionNode = FALSE
	EndGlobalSection
	GlobalSection(ExtensibilityGlobals) = postSolution
		SolutionGuid = {25FFDEE2-78B9-4540-8570-03D707D3BCFB}
	EndGlobalSection
EndGlobal
