
Microsoft Visual Studio Solution File, Format Version 12.00
# Visual Studio 15
VisualStudioVersion = 15.0.28307.960
MinimumVisualStudioVersion = 10.0.40219.1
Project("{FAE04EC0-301F-11D3-BF4B-00C04F79EFBC}") = "Assingmnent3Q1", "Assingmnent3Q1\Assingmnent3Q1.csproj", "{CC98CF4B-D633-4F2A-A164-EC51070CA2BD}"
EndProject
Global
	GlobalSection(SolutionConfigurationPlatforms) = preSolution
		Debug|Any CPU = Debug|Any CPU
		Release|Any CPU = Release|Any CPU
	EndGlobalSection
	GlobalSection(ProjectConfigurationPlatforms) = postSolution
		{CC98CF4B-D633-4F2A-A164-EC51070CA2BD}.Debug|Any CPU.ActiveCfg = Debug|Any CPU
		{CC98CF4B-D633-4F2A-A164-EC51070CA2BD}.Debug|Any CPU.Build.0 = Debug|Any CPU
		{CC98CF4B-D633-4F2A-A164-EC51070CA2BD}.Release|Any CPU.ActiveCfg = Release|Any CPU
		{CC98CF4B-D633-4F2A-A164-EC51070CA2BD}.Release|Any CPU.Build.0 = Release|Any CPU
	EndGlobalSection
	GlobalSection(SolutionProperties) = preSolution
		HideSolutionNode = FALSE
	EndGlobalSection
	GlobalSection(ExtensibilityGlobals) = postSolution
		SolutionGuid = {E4B69571-C936-4411-8CA9-FAA37C11DEF7}
	EndGlobalSection
EndGlobal
