
Microsoft Visual Studio Solution File, Format Version 12.00
# Visual Studio 15
VisualStudioVersion = 15.0.28307.960
MinimumVisualStudioVersion = 10.0.40219.1
Project("{FAE04EC0-301F-11D3-BF4B-00C04F79EFBC}") = "ConsoleApp4", "ConsoleApp4\ConsoleApp4.csproj", "{490627A9-4720-4858-8891-FBD9B3BA9E1C}"
EndProject
Global
	GlobalSection(SolutionConfigurationPlatforms) = preSolution
		Debug|Any CPU = Debug|Any CPU
		Release|Any CPU = Release|Any CPU
	EndGlobalSection
	GlobalSection(ProjectConfigurationPlatforms) = postSolution
		{490627A9-4720-4858-8891-FBD9B3BA9E1C}.Debug|Any CPU.ActiveCfg = Debug|Any CPU
		{490627A9-4720-4858-8891-FBD9B3BA9E1C}.Debug|Any CPU.Build.0 = Debug|Any CPU
		{490627A9-4720-4858-8891-FBD9B3BA9E1C}.Release|Any CPU.ActiveCfg = Release|Any CPU
		{490627A9-4720-4858-8891-FBD9B3BA9E1C}.Release|Any CPU.Build.0 = Release|Any CPU
	EndGlobalSection
	GlobalSection(SolutionProperties) = preSolution
		HideSolutionNode = FALSE
	EndGlobalSection
	GlobalSection(ExtensibilityGlobals) = postSolution
		SolutionGuid = {B524BCC1-BDAC-43BC-BFE5-5A3D6D967859}
	EndGlobalSection
EndGlobal
